
Microsoft Visual Studio Solution File, Format Version 12.00
# Visual Studio Version 16
VisualStudioVersion = 16.0.30114.105
MinimumVisualStudioVersion = 10.0.40219.1
Project("{FAE04EC0-301F-11D3-BF4B-00C04F79EFBC}") = "API", "API\API.csproj", "{1124792F-92A0-4EC8-987B-F5675BCC4C29}"
EndProject
Project("{FAE04EC0-301F-11D3-BF4B-00C04F79EFBC}") = "Application", "Application\Application.csproj", "{3B1BEBC4-C694-484D-8AD6-275BD138A08E}"
EndProject
Project("{FAE04EC0-301F-11D3-BF4B-00C04F79EFBC}") = "Persistence", "Persistence\Persistence.csproj", "{B56417E5-8628-4BFB-A0A5-7581120BABF1}"
EndProject
Project("{FAE04EC0-301F-11D3-BF4B-00C04F79EFBC}") = "Domain", "Domain\Domain.csproj", "{F378C05D-D3BE-4120-9ECB-A3F4B54E250B}"
EndProject
Global
	GlobalSection(SolutionConfigurationPlatforms) = preSolution
		Debug|Any CPU = Debug|Any CPU
		Debug|x64 = Debug|x64
		Debug|x86 = Debug|x86
		Release|Any CPU = Release|Any CPU
		Release|x64 = Release|x64
		Release|x86 = Release|x86
	EndGlobalSection
	GlobalSection(SolutionProperties) = preSolution
		HideSolutionNode = FALSE
	EndGlobalSection
	GlobalSection(ProjectConfigurationPlatforms) = postSolution
		{1124792F-92A0-4EC8-987B-F5675BCC4C29}.Debug|Any CPU.ActiveCfg = Debug|Any CPU
		{1124792F-92A0-4EC8-987B-F5675BCC4C29}.Debug|Any CPU.Build.0 = Debug|Any CPU
		{1124792F-92A0-4EC8-987B-F5675BCC4C29}.Debug|x64.ActiveCfg = Debug|Any CPU
		{1124792F-92A0-4EC8-987B-F5675BCC4C29}.Debug|x64.Build.0 = Debug|Any CPU
		{1124792F-92A0-4EC8-987B-F5675BCC4C29}.Debug|x86.ActiveCfg = Debug|Any CPU
		{1124792F-92A0-4EC8-987B-F5675BCC4C29}.Debug|x86.Build.0 = Debug|Any CPU
		{1124792F-92A0-4EC8-987B-F5675BCC4C29}.Release|Any CPU.ActiveCfg = Release|Any CPU
		{1124792F-92A0-4EC8-987B-F5675BCC4C29}.Release|Any CPU.Build.0 = Release|Any CPU
		{1124792F-92A0-4EC8-987B-F5675BCC4C29}.Release|x64.ActiveCfg = Release|Any CPU
		{1124792F-92A0-4EC8-987B-F5675BCC4C29}.Release|x64.Build.0 = Release|Any CPU
		{1124792F-92A0-4EC8-987B-F5675BCC4C29}.Release|x86.ActiveCfg = Release|Any CPU
		{1124792F-92A0-4EC8-987B-F5675BCC4C29}.Release|x86.Build.0 = Release|Any CPU
		{3B1BEBC4-C694-484D-8AD6-275BD138A08E}.Debug|Any CPU.ActiveCfg = Debug|Any CPU
		{3B1BEBC4-C694-484D-8AD6-275BD138A08E}.Debug|Any CPU.Build.0 = Debug|Any CPU
		{3B1BEBC4-C694-484D-8AD6-275BD138A08E}.Debug|x64.ActiveCfg = Debug|Any CPU
		{3B1BEBC4-C694-484D-8AD6-275BD138A08E}.Debug|x64.Build.0 = Debug|Any CPU
		{3B1BEBC4-C694-484D-8AD6-275BD138A08E}.Debug|x86.ActiveCfg = Debug|Any CPU
		{3B1BEBC4-C694-484D-8AD6-275BD138A08E}.Debug|x86.Build.0 = Debug|Any CPU
		{3B1BEBC4-C694-484D-8AD6-275BD138A08E}.Release|Any CPU.ActiveCfg = Release|Any CPU
		{3B1BEBC4-C694-484D-8AD6-275BD138A08E}.Release|Any CPU.Build.0 = Release|Any CPU
		{3B1BEBC4-C694-484D-8AD6-275BD138A08E}.Release|x64.ActiveCfg = Release|Any CPU
		{3B1BEBC4-C694-484D-8AD6-275BD138A08E}.Release|x64.Build.0 = Release|Any CPU
		{3B1BEBC4-C694-484D-8AD6-275BD138A08E}.Release|x86.ActiveCfg = Release|Any CPU
		{3B1BEBC4-C694-484D-8AD6-275BD138A08E}.Release|x86.Build.0 = Release|Any CPU
		{B56417E5-8628-4BFB-A0A5-7581120BABF1}.Debug|Any CPU.ActiveCfg = Debug|Any CPU
		{B56417E5-8628-4BFB-A0A5-7581120BABF1}.Debug|Any CPU.Build.0 = Debug|Any CPU
		{B56417E5-8628-4BFB-A0A5-7581120BABF1}.Debug|x64.ActiveCfg = Debug|Any CPU
		{B56417E5-8628-4BFB-A0A5-7581120BABF1}.Debug|x64.Build.0 = Debug|Any CPU
		{B56417E5-8628-4BFB-A0A5-7581120BABF1}.Debug|x86.ActiveCfg = Debug|Any CPU
		{B56417E5-8628-4BFB-A0A5-7581120BABF1}.Debug|x86.Build.0 = Debug|Any CPU
		{B56417E5-8628-4BFB-A0A5-7581120BABF1}.Release|Any CPU.ActiveCfg = Release|Any CPU
		{B56417E5-8628-4BFB-A0A5-7581120BABF1}.Release|Any CPU.Build.0 = Release|Any CPU
		{B56417E5-8628-4BFB-A0A5-7581120BABF1}.Release|x64.ActiveCfg = Release|Any CPU
		{B56417E5-8628-4BFB-A0A5-7581120BABF1}.Release|x64.Build.0 = Release|Any CPU
		{B56417E5-8628-4BFB-A0A5-7581120BABF1}.Release|x86.ActiveCfg = Release|Any CPU
		{B56417E5-8628-4BFB-A0A5-7581120BABF1}.Release|x86.Build.0 = Release|Any CPU
		{F378C05D-D3BE-4120-9ECB-A3F4B54E250B}.Debug|Any CPU.ActiveCfg = Debug|Any CPU
		{F378C05D-D3BE-4120-9ECB-A3F4B54E250B}.Debug|Any CPU.Build.0 = Debug|Any CPU
		{F378C05D-D3BE-4120-9ECB-A3F4B54E250B}.Debug|x64.ActiveCfg = Debug|Any CPU
		{F378C05D-D3BE-4120-9ECB-A3F4B54E250B}.Debug|x64.Build.0 = Debug|Any CPU
		{F378C05D-D3BE-4120-9ECB-A3F4B54E250B}.Debug|x86.ActiveCfg = Debug|Any CPU
		{F378C05D-D3BE-4120-9ECB-A3F4B54E250B}.Debug|x86.Build.0 = Debug|Any CPU
		{F378C05D-D3BE-4120-9ECB-A3F4B54E250B}.Release|Any CPU.ActiveCfg = Release|Any CPU
		{F378C05D-D3BE-4120-9ECB-A3F4B54E250B}.Release|Any CPU.Build.0 = Release|Any CPU
		{F378C05D-D3BE-4120-9ECB-A3F4B54E250B}.Release|x64.ActiveCfg = Release|Any CPU
		{F378C05D-D3BE-4120-9ECB-A3F4B54E250B}.Release|x64.Build.0 = Release|Any CPU
		{F378C05D-D3BE-4120-9ECB-A3F4B54E250B}.Release|x86.ActiveCfg = Release|Any CPU
		{F378C05D-D3BE-4120-9ECB-A3F4B54E250B}.Release|x86.Build.0 = Release|Any CPU
	EndGlobalSection
EndGlobal
